
Microsoft Visual Studio Solution File, Format Version 12.00
# Visual Studio Version 16
VisualStudioVersion = 16.0.30711.63
MinimumVisualStudioVersion = 10.0.40219.1
Project("{FAE04EC0-301F-11D3-BF4B-00C04F79EFBC}") = "xUnit_FCT_E2", "xUnit_FCT_E2\xUnit_FCT_E2.csproj", "{2D742097-F070-4D67-A08C-81CFEB55A7C1}"
EndProject
Global
	GlobalSection(SolutionConfigurationPlatforms) = preSolution
		Debug|Any CPU = Debug|Any CPU
		Release|Any CPU = Release|Any CPU
	EndGlobalSection
	GlobalSection(ProjectConfigurationPlatforms) = postSolution
		{2D742097-F070-4D67-A08C-81CFEB55A7C1}.Debug|Any CPU.ActiveCfg = Debug|Any CPU
		{2D742097-F070-4D67-A08C-81CFEB55A7C1}.Debug|Any CPU.Build.0 = Debug|Any CPU
		{2D742097-F070-4D67-A08C-81CFEB55A7C1}.Release|Any CPU.ActiveCfg = Release|Any CPU
		{2D742097-F070-4D67-A08C-81CFEB55A7C1}.Release|Any CPU.Build.0 = Release|Any CPU
	EndGlobalSection
	GlobalSection(SolutionProperties) = preSolution
		HideSolutionNode = FALSE
	EndGlobalSection
	GlobalSection(ExtensibilityGlobals) = postSolution
		SolutionGuid = {6C54FB12-E287-4F83-B9DB-44628F876878}
	EndGlobalSection
EndGlobal
