
Microsoft Visual Studio Solution File, Format Version 12.00
# Visual Studio Version 16
VisualStudioVersion = 16.0.30711.63
MinimumVisualStudioVersion = 10.0.40219.1
Project("{FAE04EC0-301F-11D3-BF4B-00C04F79EFBC}") = "VisorWPF", "VisorWPF\VisorWPF.csproj", "{F3131E99-441E-4339-96AA-FC2E621A34D5}"
EndProject
Global
	GlobalSection(SolutionConfigurationPlatforms) = preSolution
		Debug|Any CPU = Debug|Any CPU
		Release|Any CPU = Release|Any CPU
	EndGlobalSection
	GlobalSection(ProjectConfigurationPlatforms) = postSolution
		{F3131E99-441E-4339-96AA-FC2E621A34D5}.Debug|Any CPU.ActiveCfg = Debug|Any CPU
		{F3131E99-441E-4339-96AA-FC2E621A34D5}.Debug|Any CPU.Build.0 = Debug|Any CPU
		{F3131E99-441E-4339-96AA-FC2E621A34D5}.Release|Any CPU.ActiveCfg = Release|Any CPU
		{F3131E99-441E-4339-96AA-FC2E621A34D5}.Release|Any CPU.Build.0 = Release|Any CPU
	EndGlobalSection
	GlobalSection(SolutionProperties) = preSolution
		HideSolutionNode = FALSE
	EndGlobalSection
	GlobalSection(ExtensibilityGlobals) = postSolution
		SolutionGuid = {2FB49920-4706-4B04-8538-A6C136256521}
	EndGlobalSection
EndGlobal
